<?xml version="1.0" encoding="utf-8"?>
<Project ToolsVersion="4.0" xmlns="http://schemas.microsoft.com/developer/msbuild/2003">
  <ItemGroup>
    <Filter Include="헤더 파일">
      <UniqueIdentifier>{93995380-89BD-4b04-88EB-625FBE52EBFB}</UniqueIdentifier>
      <Extensions>h;hh;hpp;hxx;hm;inl;inc;ipp;xsd</Extensions>
    </Filter>
    <Filter Include="예시코드">
      <UniqueIdentifier>{6690710a-c94a-4e4c-9c8c-f6794fd7fb8a}</UniqueIdentifier>
    </Filter>
    <Filter Include="내 소스코드">
      <UniqueIdentifier>{4FC737F1-C7A5-4376-A066-2A32D752A2FF}</UniqueIdentifier>
      <Extensions>cpp;c;cc;cxx;def;odl;idl;hpj;bat;asm;asmx</Extensions>
    </Filter>
    <Filter Include="리소스 파일">
      <UniqueIdentifier>{67DA6AB6-F800-4c08-8B7A-83BB121AAD01}</UniqueIdentifier>
      <Extensions>rc;ico;cur;bmp;dlg;rc2;rct;bin;rgs;gif;jpg;jpeg;jpe;resx;tiff;tif;png;wav;mfcribbon-ms</Extensions>
    </Filter>
  </ItemGroup>
  <ItemGroup>
    <Image Include="..\..\..\Downloads\sample.bmp">
      <Filter>리소스 파일</Filter>
    </Image>
    <Image Include="..\..\..\Downloads\sample2.bmp">
      <Filter>리소스 파일</Filter>
    </Image>
  </ItemGroup>
  <ItemGroup>
    <ClCompile Include="stdafx.cpp">
      <Filter>내 소스코드</Filter>
    </ClCompile>
    <ClCompile Include="AStar Algoritm Test.cpp">
      <Filter>내 소스코드</Filter>
    </ClCompile>
    <ClCompile Include="A-Star.cpp">
      <Filter>내 소스코드</Filter>
    </ClCompile>
    <ClCompile Include="JPS.cpp">
      <Filter>내 소스코드</Filter>
    </ClCompile>
    <ClCompile Include="AStar, JPS Test.cpp">
      <Filter>내 소스코드</Filter>
    </ClCompile>
    <ClCompile Include="Thread Programming.cpp">
      <Filter>내 소스코드</Filter>
    </ClCompile>
    <ClCompile Include="Thread Programming2.cpp">
      <Filter>내 소스코드</Filter>
    </ClCompile>
    <ClCompile Include="Thread Programming2-1.cpp">
      <Filter>내 소스코드</Filter>
    </ClCompile>
    <ClCompile Include="Thread Programning3.cpp">
      <Filter>내 소스코드</Filter>
    </ClCompile>
    <ClCompile Include="CRingBuffer.cpp">
      <Filter>내 소스코드</Filter>
    </ClCompile>
    <ClCompile Include="LogTest.cpp">
      <Filter>내 소스코드</Filter>
    </ClCompile>
  </ItemGroup>
  <ItemGroup>
    <ClInclude Include="stdafx.h">
      <Filter>헤더 파일</Filter>
    </ClInclude>
    <ClInclude Include="A-Star.h">
      <Filter>헤더 파일</Filter>
    </ClInclude>
    <ClInclude Include="JPS.h">
      <Filter>헤더 파일</Filter>
    </ClInclude>
    <ClInclude Include="Bresenham.h">
      <Filter>헤더 파일</Filter>
    </ClInclude>
    <ClInclude Include="Node.h">
      <Filter>헤더 파일</Filter>
    </ClInclude>
    <ClInclude Include="Profiler.h">
      <Filter>헤더 파일</Filter>
    </ClInclude>
    <ClInclude Include="CRingBuffer.h">
      <Filter>헤더 파일</Filter>
    </ClInclude>
    <ClInclude Include="Log.h">
      <Filter>헤더 파일</Filter>
    </ClInclude>
  </ItemGroup>
</Project>